{
  "name": "ui5-webcomponents-starter",
  "version": "1.0.0",
  "lockfileVersion": 1,
  "requires": true,
  "dependencies": {
    "@ui5/webcomponents": {
      "version": "0.11.1",
      "resolved": "https://registry.npmjs.org/@ui5/webcomponents/-/webcomponents-0.11.1.tgz",
      "integrity": "sha512-yFjvGBpbUwmjhHyF0MO58VRZYSqBJ9JQySJaGP+ClFxh+KaWPtiTasana9/fFNMQhqEsFI7Y9B7fTBPvjRp4MQ==",
      "requires": {
        "@ui5/webcomponents-base": "0.11.1",
        "@ui5/webcomponents-core": "0.11.1"
      }
    },
    "@ui5/webcomponents-base": {
      "version": "0.11.1",
      "resolved": "https://registry.npmjs.org/@ui5/webcomponents-base/-/webcomponents-base-0.11.1.tgz",
      "integrity": "sha512-yzKdeBny5PItT1jAOksfEahuJKFdje1bJ7ZDzG8m534SMBdycwifMxVsE1PlWt35jS7n+HEyIeCCzHmpvx3RPA==",
      "requires": {
        "@ui5/webcomponents-core": "0.11.1",
        "lit-html": "^1.0.0",
        "regenerator-runtime": "0.12.1",
        "url-search-params-polyfill": "^5.0.0"
      }
    },
    "@ui5/webcomponents-core": {
      "version": "0.11.1",
      "resolved": "https://registry.npmjs.org/@ui5/webcomponents-core/-/webcomponents-core-0.11.1.tgz",
      "integrity": "sha512-UajB+Q3ZfRtdJgEApg5MYrpQbAMJg7pxvfZrVbQFEjxmofoZueNTZaPjscOK4XWfeajtdAtBKYE9963p94yB8A=="
    },
    "lit-html": {
      "version": "1.1.0",
      "resolved": "https://registry.npmjs.org/lit-html/-/lit-html-1.1.0.tgz",
      "integrity": "sha512-ZDJHpJi09yknMpjwPI8fuSl5sUG7+pF+eE5WciFtgyX7zebvgMDBgSLq4knXa7grxM00RkQ7PBd7UZQiruA78Q=="
    },
    "regenerator-runtime": {
      "version": "0.12.1",
      "resolved": "https://registry.npmjs.org/regenerator-runtime/-/regenerator-runtime-0.12.1.tgz",
      "integrity": "sha512-odxIc1/vDlo4iZcfXqRYFj0vpXFNoGdKMAUieAlFYO6m/nl5e9KR/beGf41z4a1FI+aQgtjhuaSlDxQ0hmkrHg=="
    },
    "url-search-params-polyfill": {
      "version": "5.1.0",
      "resolved": "https://registry.npmjs.org/url-search-params-polyfill/-/url-search-params-polyfill-5.1.0.tgz",
      "integrity": "sha512-yjFY7uw2xRf9e8Mg4ZVkZwtp8dMCC4cbBkEIZiTDpuSY2WJ9+Quw0wRhxncv32qaMQwmBQT+P847rO8PrFhhDA=="
    }
  }
}
